// !$*UTF8*$!
{
	archiveVersion = 1;
	classes = {
	};
	objectVersion = 46;
	objects = {

/* Begin PBXBuildFile section */
		913154611E361E7E004BB8D0 /* AppDelegate.swift in Sources */ = {isa = PBXBuildFile; fileRef = 913154601E361E7E004BB8D0 /* AppDelegate.swift */; };
		913154631E361E7E004BB8D0 /* ViewController.swift in Sources */ = {isa = PBXBuildFile; fileRef = 913154621E361E7E004BB8D0 /* ViewController.swift */; };
		913154661E361E7E004BB8D0 /* Main.storyboard in Resources */ = {isa = PBXBuildFile; fileRef = 913154641E361E7E004BB8D0 /* Main.storyboard */; };
		913154681E361E7E004BB8D0 /* Assets.xcassets in Resources */ = {isa = PBXBuildFile; fileRef = 913154671E361E7E004BB8D0 /* Assets.xcassets */; };
		9131546B1E361E7E004BB8D0 /* LaunchScreen.storyboard in Resources */ = {isa = PBXBuildFile; fileRef = 913154691E361E7E004BB8D0 /* LaunchScreen.storyboard */; };
		913154761E361E7E004BB8D0 /* HelloWorldAppTests.swift in Sources */ = {isa = PBXBuildFile; fileRef = 913154751E361E7E004BB8D0 /* HelloWorldAppTests.swift */; };
		913154811E361E7E004BB8D0 /* HelloWorldAppUITests.swift in Sources */ = {isa = PBXBuildFile; fileRef = 913154801E361E7E004BB8D0 /* HelloWorldAppUITests.swift */; };
/* End PBXBuildFile section */

/* Begin PBXContainerItemProxy section */
		913154721E361E7E004BB8D0 /* PBXContainerItemProxy */ = {
			isa = PBXContainerItemProxy;
			containerPortal = 913154551E361E7D004BB8D0 /* Project object */;
			proxyType = 1;
			remoteGlobalIDString = 9131545C1E361E7E004BB8D0;
			remoteInfo = HelloWorldApp;
		};
		9131547D1E361E7E004BB8D0 /* PBXContainerItemProxy */ = {
			isa = PBXContainerItemProxy;
			containerPortal = 913154551E361E7D004BB8D0 /* Project object */;
			proxyType = 1;
			remoteGlobalIDString = 9131545C1E361E7E004BB8D0;
			remoteInfo = HelloWorldApp;
		};
/* End PBXContainerItemProxy section */

/* Begin PBXFileReference section */
		9131545D1E361E7E004BB8D0 /* HelloWorldApp.app */ = {isa = PBXFileReference; explicitFileType = wrapper.application; includeInIndex = 0; path = HelloWorldApp.app; sourceTree = BUILT_PRODUCTS_DIR; };
		913154601E361E7E004BB8D0 /* AppDelegate.swift */ = {isa = PBXFileReference; lastKnownFileType = sourcecode.swift; path = AppDelegate.swift; sourceTree = "<group>"; };
		913154621E361E7E004BB8D0 /* ViewController.swift */ = {isa = PBXFileReference; lastKnownFileType = sourcecode.swift; path = ViewController.swift; sourceTree = "<group>"; };
		913154651E361E7E004BB8D0 /* Base */ = {isa = PBXFileReference; lastKnownFileType = file.storyboard; name = Base; path = Base.lproj/Main.storyboard; sourceTree = "<group>"; };
		913154671E361E7E004BB8D0 /* Assets.xcassets */ = {isa = PBXFileReference; lastKnownFileType = folder.assetcatalog; path = Assets.xcassets; sourceTree = "<group>"; };
		9131546A1E361E7E004BB8D0 /* Base */ = {isa = PBXFileReference; lastKnownFileType = file.storyboard; name = Base; path = Base.lproj/LaunchScreen.storyboard; sourceTree = "<group>"; };
		9131546C1E361E7E004BB8D0 /* Info.plist */ = {isa = PBXFileReference; lastKnownFileType = text.plist.xml; path = Info.plist; sourceTree = "<group>"; };
		913154711E361E7E004BB8D0 /* HelloWorldAppTests.xctest */ = {isa = PBXFileReference; explicitFileType = wrapper.cfbundle; includeInIndex = 0; path = HelloWorldAppTests.xctest; sourceTree = BUILT_PRODUCTS_DIR; };
		913154751E361E7E004BB8D0 /* HelloWorldAppTests.swift */ = {isa = PBXFileReference; lastKnownFileType = sourcecode.swift; path = HelloWorldAppTests.swift; sourceTree = "<group>"; };
		913154771E361E7E004BB8D0 /* Info.plist */ = {isa = PBXFileReference; lastKnownFileType = text.plist.xml; path = Info.plist; sourceTree = "<group>"; };
		9131547C1E361E7E004BB8D0 /* HelloWorldAppUITests.xctest */ = {isa = PBXFileReference; explicitFileType = wrapper.cfbundle; includeInIndex = 0; path = HelloWorldAppUITests.xctest; sourceTree = BUILT_PRODUCTS_DIR; };
		913154801E361E7E004BB8D0 /* HelloWorldAppUITests.swift */ = {isa = PBXFileReference; lastKnownFileType = sourcecode.swift; path = HelloWorldAppUITests.swift; sourceTree = "<group>"; };
		913154821E361E7E004BB8D0 /* Info.plist */ = {isa = PBXFileReference; lastKnownFileType = text.plist.xml; path = Info.plist; sourceTree = "<group>"; };
/* End PBXFileReference section */

/* Begin PBXFrameworksBuildPhase section */
		9131545A1E361E7E004BB8D0 /* Frameworks */ = {
			isa = PBXFrameworksBuildPhase;
			buildActionMask = 2147483647;
			files = (
			);
			runOnlyForDeploymentPostprocessing = 0;
		};
		9131546E1E361E7E004BB8D0 /* Frameworks */ = {
			isa = PBXFrameworksBuildPhase;
			buildActionMask = 2147483647;
			files = (
			);
			runOnlyForDeploymentPostprocessing = 0;
		};
		913154791E361E7E004BB8D0 /* Frameworks */ = {
			isa = PBXFrameworksBuildPhase;
			buildActionMask = 2147483647;
			files = (
			);
			runOnlyForDeploymentPostprocessing = 0;
		};
/* End PBXFrameworksBuildPhase section */

/* Begin PBXGroup section */
		913154541E361E7D004BB8D0 = {
			isa = PBXGroup;
			children = (
				9131545F1E361E7E004BB8D0 /* HelloWorldApp */,
				913154741E361E7E004BB8D0 /* HelloWorldAppTests */,
				9131547F1E361E7E004BB8D0 /* HelloWorldAppUITests */,
				9131545E1E361E7E004BB8D0 /* Products */,
			);
			sourceTree = "<group>";
		};
		9131545E1E361E7E004BB8D0 /* Products */ = {
			isa = PBXGroup;
			children = (
				9131545D1E361E7E004BB8D0 /* HelloWorldApp.app */,
				913154711E361E7E004BB8D0 /* HelloWorldAppTests.xctest */,
				9131547C1E361E7E004BB8D0 /* HelloWorldAppUITests.xctest */,
			);
			name = Products;
			sourceTree = "<group>";
		};
		9131545F1E361E7E004BB8D0 /* HelloWorldApp */ = {
			isa = PBXGroup;
			children = (
				913154601E361E7E004BB8D0 /* AppDelegate.swift */,
				913154621E361E7E004BB8D0 /* ViewController.swift */,
				913154641E361E7E004BB8D0 /* Main.storyboard */,
				913154671E361E7E004BB8D0 /* Assets.xcassets */,
				913154691E361E7E004BB8D0 /* LaunchScreen.storyboard */,
				9131546C1E361E7E004BB8D0 /* Info.plist */,
			);
			path = HelloWorldApp;
			sourceTree = "<group>";
		};
		913154741E361E7E004BB8D0 /* HelloWorldAppTests */ = {
			isa = PBXGroup;
			children = (
				913154751E361E7E004BB8D0 /* HelloWorldAppTests.swift */,
				913154771E361E7E004BB8D0 /* Info.plist */,
			);
			path = HelloWorldAppTests;
			sourceTree = "<group>";
		};
		9131547F1E361E7E004BB8D0 /* HelloWorldAppUITests */ = {
			isa = PBXGroup;
			children = (
				913154801E361E7E004BB8D0 /* HelloWorldAppUITests.swift */,
				913154821E361E7E004BB8D0 /* Info.plist */,
			);
			path = HelloWorldAppUITests;
			sourceTree = "<group>";
		};
/* End PBXGroup section */

/* Begin PBXNativeTarget section */
		9131545C1E361E7E004BB8D0 /* HelloWorldApp */ = {
			isa = PBXNativeTarget;
			buildConfigurationList = 913154851E361E7E004BB8D0 /* Build configuration list for PBXNativeTarget "HelloWorldApp" */;
			buildPhases = (
				913154591E361E7E004BB8D0 /* Sources */,
				9131545A1E361E7E004BB8D0 /* Frameworks */,
				9131545B1E361E7E004BB8D0 /* Resources */,
			);
			buildRules = (
			);
			dependencies = (
			);
			name = HelloWorldApp;
			productName = HelloWorldApp;
			productReference = 9131545D1E361E7E004BB8D0 /* HelloWorldApp.app */;
			productType = "com.apple.product-type.application";
		};
		913154701E361E7E004BB8D0 /* HelloWorldAppTests */ = {
			isa = PBXNativeTarget;
			buildConfigurationList = 913154881E361E7E004BB8D0 /* Build configuration list for PBXNativeTarget "HelloWorldAppTests" */;
			buildPhases = (
				9131546D1E361E7E004BB8D0 /* Sources */,
				9131546E1E361E7E004BB8D0 /* Frameworks */,
				9131546F1E361E7E004BB8D0 /* Resources */,
			);
			buildRules = (
			);
			dependencies = (
				913154731E361E7E004BB8D0 /* PBXTargetDependency */,
			);
			name = HelloWorldAppTests;
			productName = HelloWorldAppTests;
			productReference = 913154711E361E7E004BB8D0 /* HelloWorldAppTests.xctest */;
			productType = "com.apple.product-type.bundle.unit-test";
		};
		9131547B1E361E7E004BB8D0 /* HelloWorldAppUITests */ = {
			isa = PBXNativeTarget;
			buildConfigurationList = 9131548B1E361E7E004BB8D0 /* Build configuration list for PBXNativeTarget "HelloWorldAppUITests" */;
			buildPhases = (
				913154781E361E7E004BB8D0 /* Sources */,
				913154791E361E7E004BB8D0 /* Frameworks */,
				9131547A1E361E7E004BB8D0 /* Resources */,
			);
			buildRules = (
			);
			dependencies = (
				9131547E1E361E7E004BB8D0 /* PBXTargetDependency */,
			);
			name = HelloWorldAppUITests;
			productName = HelloWorldAppUITests;
			productReference = 9131547C1E361E7E004BB8D0 /* HelloWorldAppUITests.xctest */;
			productType = "com.apple.product-type.bundle.ui-testing";
		};
/* End PBXNativeTarget section */

/* Begin PBXProject section */
		913154551E361E7D004BB8D0 /* Project object */ = {
			isa = PBXProject;
			attributes = {
				LastSwiftUpdateCheck = 0820;
				LastUpgradeCheck = 0820;
				ORGANIZATIONNAME = nikolai;
				TargetAttributes = {
					9131545C1E361E7E004BB8D0 = {
						CreatedOnToolsVersion = 8.2.1;
						ProvisioningStyle = Automatic;
					};
					913154701E361E7E004BB8D0 = {
						CreatedOnToolsVersion = 8.2.1;
						ProvisioningStyle = Automatic;
						TestTargetID = 9131545C1E361E7E004BB8D0;
					};
					9131547B1E361E7E004BB8D0 = {
						CreatedOnToolsVersion = 8.2.1;
						ProvisioningStyle = Automatic;
						TestTargetID = 9131545C1E361E7E004BB8D0;
					};
				};
			};
			buildConfigurationList = 913154581E361E7D004BB8D0 /* Build configuration list for PBXProject "HelloWorldApp" */;
			compatibilityVersion = "Xcode 3.2";
			developmentRegion = English;
			hasScannedForEncodings = 0;
			knownRegions = (
				en,
				Base,
			);
			mainGroup = 913154541E361E7D004BB8D0;
			productRefGroup = 9131545E1E361E7E004BB8D0 /* Products */;
			projectDirPath = "";
			projectRoot = "";
			targets = (
				9131545C1E361E7E004BB8D0 /* HelloWorldApp */,
				913154701E361E7E004BB8D0 /* HelloWorldAppTests */,
				9131547B1E361E7E004BB8D0 /* HelloWorldAppUITests */,
			);
		};
/* End PBXProject section */

/* Begin PBXResourcesBuildPhase section */
		9131545B1E361E7E004BB8D0 /* Resources */ = {
			isa = PBXResourcesBuildPhase;
			buildActionMask = 2147483647;
			files = (
				9131546B1E361E7E004BB8D0 /* LaunchScreen.storyboard in Resources */,
				913154681E361E7E004BB8D0 /* Assets.xcassets in Resources */,
				913154661E361E7E004BB8D0 /* Main.storyboard in Resources */,
			);
			runOnlyForDeploymentPostprocessing = 0;
		};
		9131546F1E361E7E004BB8D0 /* Resources */ = {
			isa = PBXResourcesBuildPhase;
			buildActionMask = 2147483647;
			files = (
			);
			runOnlyForDeploymentPostprocessing = 0;
		};
		9131547A1E361E7E004BB8D0 /* Resources */ = {
			isa = PBXResourcesBuildPhase;
			buildActionMask = 2147483647;
			files = (
			);
			runOnlyForDeploymentPostprocessing = 0;
		};
/* End PBXResourcesBuildPhase section */

/* Begin PBXSourcesBuildPhase section */
		913154591E361E7E004BB8D0 /* Sources */ = {
			isa = PBXSourcesBuildPhase;
			buildActionMask = 2147483647;
			files = (
				913154631E361E7E004BB8D0 /* ViewController.swift in Sources */,
				913154611E361E7E004BB8D0 /* AppDelegate.swift in Sources */,
			);
			runOnlyForDeploymentPostprocessing = 0;
		};
		9131546D1E361E7E004BB8D0 /* Sources */ = {
			isa = PBXSourcesBuildPhase;
			buildActionMask = 2147483647;
			files = (
				913154761E361E7E004BB8D0 /* HelloWorldAppTests.swift in Sources */,
			);
			runOnlyForDeploymentPostprocessing = 0;
		};
		913154781E361E7E004BB8D0 /* Sources */ = {
			isa = PBXSourcesBuildPhase;
			buildActionMask = 2147483647;
			files = (
				913154811E361E7E004BB8D0 /* HelloWorldAppUITests.swift in Sources */,
			);
			runOnlyForDeploymentPostprocessing = 0;
		};
/* End PBXSourcesBuildPhase section */

/* Begin PBXTargetDependency section */
		913154731E361E7E004BB8D0 /* PBXTargetDependency */ = {
			isa = PBXTargetDependency;
			target = 9131545C1E361E7E004BB8D0 /* HelloWorldApp */;
			targetProxy = 913154721E361E7E004BB8D0 /* PBXContainerItemProxy */;
		};
		9131547E1E361E7E004BB8D0 /* PBXTargetDependency */ = {
			isa = PBXTargetDependency;
			target = 9131545C1E361E7E004BB8D0 /* HelloWorldApp */;
			targetProxy = 9131547D1E361E7E004BB8D0 /* PBXContainerItemProxy */;
		};
/* End PBXTargetDependency section */

/* Begin PBXVariantGroup section */
		913154641E361E7E004BB8D0 /* Main.storyboard */ = {
			isa = PBXVariantGroup;
			children = (
				913154651E361E7E004BB8D0 /* Base */,
			);
			name = Main.storyboard;
			sourceTree = "<group>";
		};
		913154691E361E7E004BB8D0 /* LaunchScreen.storyboard */ = {
			isa = PBXVariantGroup;
			children = (
				9131546A1E361E7E004BB8D0 /* Base */,
			);
			name = LaunchScreen.storyboard;
			sourceTree = "<group>";
		};
/* End PBXVariantGroup section */

/* Begin XCBuildConfiguration section */
		913154831E361E7E004BB8D0 /* Debug */ = {
			isa = XCBuildConfiguration;
			buildSettings = {
				ALWAYS_SEARCH_USER_PATHS = NO;
				CLANG_ANALYZER_NONNULL = YES;
				CLANG_CXX_LANGUAGE_STANDARD = "gnu++0x";
				CLANG_CXX_LIBRARY = "libc++";
				CLANG_ENABLE_MODULES = YES;
				CLANG_ENABLE_OBJC_ARC = YES;
				CLANG_WARN_BOOL_CONVERSION = YES;
				CLANG_WARN_CONSTANT_CONVERSION = YES;
				CLANG_WARN_DIRECT_OBJC_ISA_USAGE = YES_ERROR;
				CLANG_WARN_DOCUMENTATION_COMMENTS = YES;
				CLANG_WARN_EMPTY_BODY = YES;
				CLANG_WARN_ENUM_CONVERSION = YES;
				CLANG_WARN_INFINITE_RECURSION = YES;
				CLANG_WARN_INT_CONVERSION = YES;
				CLANG_WARN_OBJC_ROOT_CLASS = YES_ERROR;
				CLANG_WARN_SUSPICIOUS_MOVE = YES;
				CLANG_WARN_UNREACHABLE_CODE = YES;
				CLANG_WARN__DUPLICATE_METHOD_MATCH = YES;
				"CODE_SIGN_IDENTITY[sdk=iphoneos*]" = "iPhone Developer";
				COPY_PHASE_STRIP = NO;
				DEBUG_INFORMATION_FORMAT = dwarf;
				ENABLE_STRICT_OBJC_MSGSEND = YES;
				ENABLE_TESTABILITY = YES;
				GCC_C_LANGUAGE_STANDARD = gnu99;
				GCC_DYNAMIC_NO_PIC = NO;
				GCC_NO_COMMON_BLOCKS = YES;
				GCC_OPTIMIZATION_LEVEL = 0;
				GCC_PREPROCESSOR_DEFINITIONS = (
					"DEBUG=1",
					"$(inherited)",
				);
				GCC_WARN_64_TO_32_BIT_CONVERSION = YES;
				GCC_WARN_ABOUT_RETURN_TYPE = YES_ERROR;
				GCC_WARN_UNDECLARED_SELECTOR = YES;
				GCC_WARN_UNINITIALIZED_AUTOS = YES_AGGRESSIVE;
				GCC_WARN_UNUSED_FUNCTION = YES;
				GCC_WARN_UNUSED_VARIABLE = YES;
				IPHONEOS_DEPLOYMENT_TARGET = 10.2;
				MTL_ENABLE_DEBUG_INFO = YES;
				ONLY_ACTIVE_ARCH = YES;
				SDKROOT = iphoneos;
				SWIFT_ACTIVE_COMPILATION_CONDITIONS = DEBUG;
				SWIFT_OPTIMIZATION_LEVEL = "-Onone";
				TARGETED_DEVICE_FAMILY = "1,2";
			};
			name = Debug;
		};
		913154841E361E7E004BB8D0 /* Release */ = {
			isa = XCBuildConfiguration;
			buildSettings = {
				ALWAYS_SEARCH_USER_PATHS = NO;
				CLANG_ANALYZER_NONNULL = YES;
				CLANG_CXX_LANGUAGE_STANDARD = "gnu++0x";
				CLANG_CXX_LIBRARY = "libc++";
				CLANG_ENABLE_MODULES = YES;
				CLANG_ENABLE_OBJC_ARC = YES;
				CLANG_WARN_BOOL_CONVERSION = YES;
				CLANG_WARN_CONSTANT_CONVERSION = YES;
				CLANG_WARN_DIRECT_OBJC_ISA_USAGE = YES_ERROR;
				CLANG_WARN_DOCUMENTATION_COMMENTS = YES;
				CLANG_WARN_EMPTY_BODY = YES;
				CLANG_WARN_ENUM_CONVERSION = YES;
				CLANG_WARN_INFINITE_RECURSION = YES;
				CLANG_WARN_INT_CONVERSION = YES;
				CLANG_WARN_OBJC_ROOT_CLASS = YES_ERROR;
				CLANG_WARN_SUSPICIOUS_MOVE = YES;
				CLANG_WARN_UNREACHABLE_CODE = YES;
				CLANG_WARN__DUPLICATE_METHOD_MATCH = YES;
				"CODE_SIGN_IDENTITY[sdk=iphoneos*]" = "iPhone Developer";
				COPY_PHASE_STRIP = NO;
				DEBUG_INFORMATION_FORMAT = "dwarf-with-dsym";
				ENABLE_NS_ASSERTIONS = NO;
				ENABLE_STRICT_OBJC_MSGSEND = YES;
				GCC_C_LANGUAGE_STANDARD = gnu99;
				GCC_NO_COMMON_BLOCKS = YES;
				GCC_WARN_64_TO_32_BIT_CONVERSION = YES;
				GCC_WARN_ABOUT_RETURN_TYPE = YES_ERROR;
				GCC_WARN_UNDECLARED_SELECTOR = YES;
				GCC_WARN_UNINITIALIZED_AUTOS = YES_AGGRESSIVE;
				GCC_WARN_UNUSED_FUNCTION = YES;
				GCC_WARN_UNUSED_VARIABLE = YES;
				IPHONEOS_DEPLOYMENT_TARGET = 10.2;
				MTL_ENABLE_DEBUG_INFO = NO;
				SDKROOT = iphoneos;
				SWIFT_OPTIMIZATION_LEVEL = "-Owholemodule";
				TARGETED_DEVICE_FAMILY = "1,2";
				VALIDATE_PRODUCT = YES;
			};
			name = Release;
		};
		913154861E361E7E004BB8D0 /* Debug */ = {
			isa = XCBuildConfiguration;
			buildSettings = {
				ASSETCATALOG_COMPILER_APPICON_NAME = AppIcon;
				INFOPLIST_FILE = HelloWorldApp/Info.plist;
				LD_RUNPATH_SEARCH_PATHS = "$(inherited) @executable_path/Frameworks";
				PRODUCT_BUNDLE_IDENTIFIER = com.example.swift.HelloWorldApp;
				PRODUCT_NAME = "$(TARGET_NAME)";
				SWIFT_VERSION = 3.0;
			};
			name = Debug;
		};
		913154871E361E7E004BB8D0 /* Release */ = {
			isa = XCBuildConfiguration;
			buildSettings = {
				ASSETCATALOG_COMPILER_APPICON_NAME = AppIcon;
				INFOPLIST_FILE = HelloWorldApp/Info.plist;
				LD_RUNPATH_SEARCH_PATHS = "$(inherited) @executable_path/Frameworks";
				PRODUCT_BUNDLE_IDENTIFIER = com.example.swift.HelloWorldApp;
				PRODUCT_NAME = "$(TARGET_NAME)";
				SWIFT_VERSION = 3.0;
			};
			name = Release;
		};
		913154891E361E7E004BB8D0 /* Debug */ = {
			isa = XCBuildConfiguration;
			buildSettings = {
				ALWAYS_EMBED_SWIFT_STANDARD_LIBRARIES = YES;
				BUNDLE_LOADER = "$(TEST_HOST)";
				INFOPLIST_FILE = HelloWorldAppTests/Info.plist;
				LD_RUNPATH_SEARCH_PATHS = "$(inherited) @executable_path/Frameworks @loader_path/Frameworks";
				PRODUCT_BUNDLE_IDENTIFIER = com.example.swift.HelloWorldAppTests;
				PRODUCT_NAME = "$(TARGET_NAME)";
				SWIFT_VERSION = 3.0;
				TEST_HOST = "$(BUILT_PRODUCTS_DIR)/HelloWorldApp.app/HelloWorldApp";
			};
			name = Debug;
		};
		9131548A1E361E7E004BB8D0 /* Release */ = {
			isa = XCBuildConfiguration;
			buildSettings = {
				ALWAYS_EMBED_SWIFT_STANDARD_LIBRARIES = YES;
				BUNDLE_LOADER = "$(TEST_HOST)";
				INFOPLIST_FILE = HelloWorldAppTests/Info.plist;
				LD_RUNPATH_SEARCH_PATHS = "$(inherited) @executable_path/Frameworks @loader_path/Frameworks";
				PRODUCT_BUNDLE_IDENTIFIER = com.example.swift.HelloWorldAppTests;
				PRODUCT_NAME = "$(TARGET_NAME)";
				SWIFT_VERSION = 3.0;
				TEST_HOST = "$(BUILT_PRODUCTS_DIR)/HelloWorldApp.app/HelloWorldApp";
			};
			name = Release;
		};
		9131548C1E361E7E004BB8D0 /* Debug */ = {
			isa = XCBuildConfiguration;
			buildSettings = {
				ALWAYS_EMBED_SWIFT_STANDARD_LIBRARIES = YES;
				INFOPLIST_FILE = HelloWorldAppUITests/Info.plist;
				LD_RUNPATH_SEARCH_PATHS = "$(inherited) @executable_path/Frameworks @loader_path/Frameworks";
				PRODUCT_BUNDLE_IDENTIFIER = com.example.swift.HelloWorldAppUITests;
				PRODUCT_NAME = "$(TARGET_NAME)";
				SWIFT_VERSION = 3.0;
				TEST_TARGET_NAME = HelloWorldApp;
			};
			name = Debug;
		};
		9131548D1E361E7E004BB8D0 /* Release */ = {
			isa = XCBuildConfiguration;
			buildSettings = {
				ALWAYS_EMBED_SWIFT_STANDARD_LIBRARIES = YES;
				INFOPLIST_FILE = HelloWorldAppUITests/Info.plist;
				LD_RUNPATH_SEARCH_PATHS = "$(inherited) @executable_path/Frameworks @loader_path/Frameworks";
				PRODUCT_BUNDLE_IDENTIFIER = com.example.swift.HelloWorldAppUITests;
				PRODUCT_NAME = "$(TARGET_NAME)";
				SWIFT_VERSION = 3.0;
				TEST_TARGET_NAME = HelloWorldApp;
			};
			name = Release;
		};
/* End XCBuildConfiguration section */

/* Begin XCConfigurationList section */
		913154581E361E7D004BB8D0 /* Build configuration list for PBXProject "HelloWorldApp" */ = {
			isa = XCConfigurationList;
			buildConfigurations = (
				913154831E361E7E004BB8D0 /* Debug */,
				913154841E361E7E004BB8D0 /* Release */,
			);
			defaultConfigurationIsVisible = 0;
			defaultConfigurationName = Release;
		};
		913154851E361E7E004BB8D0 /* Build configuration list for PBXNativeTarget "HelloWorldApp" */ = {
			isa = XCConfigurationList;
			buildConfigurations = (
				913154861E361E7E004BB8D0 /* Debug */,
				913154871E361E7E004BB8D0 /* Release */,
			);
			defaultConfigurationIsVisible = 0;
		};
		913154881E361E7E004BB8D0 /* Build configuration list for PBXNativeTarget "HelloWorldAppTests" */ = {
			isa = XCConfigurationList;
			buildConfigurations = (
				913154891E361E7E004BB8D0 /* Debug */,
				9131548A1E361E7E004BB8D0 /* Release */,
			);
			defaultConfigurationIsVisible = 0;
		};
		9131548B1E361E7E004BB8D0 /* Build configuration list for PBXNativeTarget "HelloWorldAppUITests" */ = {
			isa = XCConfigurationList;
			buildConfigurations = (
				9131548C1E361E7E004BB8D0 /* Debug */,
				9131548D1E361E7E004BB8D0 /* Release */,
			);
			defaultConfigurationIsVisible = 0;
		};
/* End XCConfigurationList section */
	};
	rootObject = 913154551E361E7D004BB8D0 /* Project object */;
}
